{
  "requires": true,
  "lockfileVersion": 1,
  "dependencies": {
    "migration": {
      "version": "0.3.0",
      "resolved": "https://registry.npmjs.org/migration/-/migration-0.3.0.tgz",
      "integrity": "sha1-CaI0W5iS1FFJxpMWB6W3ZeYbioY=",
      "requires": {
        "moment": "~2.0.0"
      }
    },
    "moment": {
      "version": "2.0.0",
      "resolved": "https://registry.npmjs.org/moment/-/moment-2.0.0.tgz",
      "integrity": "sha1-K7xbRMMhg3aTq278rb1G7ZRiEf4="
    }
  }
}
