
Microsoft Visual Studio Solution File, Format Version 12.00
# Visual Studio Version 16
VisualStudioVersion = 16.0.29613.14
MinimumVisualStudioVersion = 10.0.40219.1
Project("{9A19103F-16F7-4668-BE54-9A1E7A4F7556}") = "WebApi", "WebApi\WebApi.csproj", "{F2AF6E70-E998-4754-B80D-5B1E7385455D}"
EndProject
Project("{9A19103F-16F7-4668-BE54-9A1E7A4F7556}") = "ModelLayer", "ModelLayer\ModelLayer.csproj", "{9C265292-8D9D-45BA-8868-61F6175D13EB}"
EndProject
Project("{9A19103F-16F7-4668-BE54-9A1E7A4F7556}") = "RepositoryLayer", "RepositoryLayer\RepositoryLayer.csproj", "{31E09C73-9E74-45E4-B9AB-75341E303EE2}"
EndProject
Project("{9A19103F-16F7-4668-BE54-9A1E7A4F7556}") = "ServiceLayer", "ServiceLayer\ServiceLayer.csproj", "{E90B163B-3585-4D30-8C5F-5262F249E546}"
EndProject
Project("{2150E333-8FDC-42A3-9474-1A3956D46DE8}") = "Solution Items", "Solution Items", "{27066780-4578-4204-85D0-3E1B74905472}"
	ProjectSection(SolutionItems) = preProject
		.editorconfig = .editorconfig
	EndProjectSection
EndProject
Project("{2150E333-8FDC-42A3-9474-1A3956D46DE8}") = "Tests", "Tests", "{0F8D87F4-E080-4A94-8627-750C6C86B3D9}"
EndProject
Project("{FAE04EC0-301F-11D3-BF4B-00C04F79EFBC}") = "ServiceLayerTests", "ServiceLayerTests\ServiceLayerTests.csproj", "{422AA803-1A52-4168-8F64-DFDA430F0175}"
EndProject
Global
	GlobalSection(SolutionConfigurationPlatforms) = preSolution
		Debug|Any CPU = Debug|Any CPU
		Release|Any CPU = Release|Any CPU
	EndGlobalSection
	GlobalSection(ProjectConfigurationPlatforms) = postSolution
		{F2AF6E70-E998-4754-B80D-5B1E7385455D}.Debug|Any CPU.ActiveCfg = Debug|Any CPU
		{F2AF6E70-E998-4754-B80D-5B1E7385455D}.Debug|Any CPU.Build.0 = Debug|Any CPU
		{F2AF6E70-E998-4754-B80D-5B1E7385455D}.Release|Any CPU.ActiveCfg = Release|Any CPU
		{F2AF6E70-E998-4754-B80D-5B1E7385455D}.Release|Any CPU.Build.0 = Release|Any CPU
		{9C265292-8D9D-45BA-8868-61F6175D13EB}.Debug|Any CPU.ActiveCfg = Debug|Any CPU
		{9C265292-8D9D-45BA-8868-61F6175D13EB}.Debug|Any CPU.Build.0 = Debug|Any CPU
		{9C265292-8D9D-45BA-8868-61F6175D13EB}.Release|Any CPU.ActiveCfg = Release|Any CPU
		{9C265292-8D9D-45BA-8868-61F6175D13EB}.Release|Any CPU.Build.0 = Release|Any CPU
		{31E09C73-9E74-45E4-B9AB-75341E303EE2}.Debug|Any CPU.ActiveCfg = Debug|Any CPU
		{31E09C73-9E74-45E4-B9AB-75341E303EE2}.Debug|Any CPU.Build.0 = Debug|Any CPU
		{31E09C73-9E74-45E4-B9AB-75341E303EE2}.Release|Any CPU.ActiveCfg = Release|Any CPU
		{31E09C73-9E74-45E4-B9AB-75341E303EE2}.Release|Any CPU.Build.0 = Release|Any CPU
		{E90B163B-3585-4D30-8C5F-5262F249E546}.Debug|Any CPU.ActiveCfg = Debug|Any CPU
		{E90B163B-3585-4D30-8C5F-5262F249E546}.Debug|Any CPU.Build.0 = Debug|Any CPU
		{E90B163B-3585-4D30-8C5F-5262F249E546}.Release|Any CPU.ActiveCfg = Release|Any CPU
		{E90B163B-3585-4D30-8C5F-5262F249E546}.Release|Any CPU.Build.0 = Release|Any CPU
		{422AA803-1A52-4168-8F64-DFDA430F0175}.Debug|Any CPU.ActiveCfg = Debug|Any CPU
		{422AA803-1A52-4168-8F64-DFDA430F0175}.Debug|Any CPU.Build.0 = Debug|Any CPU
		{422AA803-1A52-4168-8F64-DFDA430F0175}.Release|Any CPU.ActiveCfg = Release|Any CPU
		{422AA803-1A52-4168-8F64-DFDA430F0175}.Release|Any CPU.Build.0 = Release|Any CPU
	EndGlobalSection
	GlobalSection(SolutionProperties) = preSolution
		HideSolutionNode = FALSE
	EndGlobalSection
	GlobalSection(NestedProjects) = preSolution
		{422AA803-1A52-4168-8F64-DFDA430F0175} = {0F8D87F4-E080-4A94-8627-750C6C86B3D9}
	EndGlobalSection
	GlobalSection(ExtensibilityGlobals) = postSolution
		SolutionGuid = {916CB4E2-F4F0-4FBB-BFB7-E418B8D1C8E9}
	EndGlobalSection
EndGlobal
